
Microsoft Visual Studio Solution File, Format Version 12.00
# Visual Studio 15
VisualStudioVersion = 15.0.27004.2009
MinimumVisualStudioVersion = 10.0.40219.1
Project("{9A19103F-16F7-4668-BE54-9A1E7A4F7556}") = "carsexp", "carsexp\carsexp.csproj", "{EDC1590B-F241-470F-88E9-6301B33F1D25}"
EndProject
Project("{9A19103F-16F7-4668-BE54-9A1E7A4F7556}") = "encm", "encarmanagement\encm.csproj", "{6E6ABA79-1502-4B2A-955D-16F1E1BC811B}"
EndProject
Project("{9A19103F-16F7-4668-BE54-9A1E7A4F7556}") = "carshare", "carshare\carshare.csproj", "{2D4748AD-C651-4B90-BB6E-5E0D4AC5A2E6}"
EndProject
Project("{9A19103F-16F7-4668-BE54-9A1E7A4F7556}") = "carimp", "carimp\carimp.csproj", "{D4F68C7F-E085-4B56-809A-03A019624C07}"
EndProject
Project("{9A19103F-16F7-4668-BE54-9A1E7A4F7556}") = "perfectmsg", "perfectmsg\perfectmsg.csproj", "{6DA83EFD-5B78-4647-ADA6-0DD68B46A8ED}"
EndProject
Project("{9A19103F-16F7-4668-BE54-9A1E7A4F7556}") = "abmsg", "..\abmsg\abmsg.csproj", "{4314D013-5C5F-40D6-AA2F-5CAC8184A759}"
EndProject
Project("{2150E333-8FDC-42A3-9474-1A3956D46DE8}") = "ab", "ab", "{109FC974-1F25-412A-82C3-4305824B6FCB}"
EndProject
Project("{9A19103F-16F7-4668-BE54-9A1E7A4F7556}") = "study", "E:\study\study\study.csproj", "{039A9715-4408-466F-91CB-F3C5DC05EC26}"
EndProject
Project("{2150E333-8FDC-42A3-9474-1A3956D46DE8}") = "driver", "driver", "{C84B4E20-ACB5-4F64-A3D2-94FBF301F6B6}"
EndProject
Project("{9A19103F-16F7-4668-BE54-9A1E7A4F7556}") = "enabo", "..\encryptedabo\enabo.csproj", "{286D1489-A9FA-4A77-9A30-4CE3273ECAA5}"
EndProject
Project("{9A19103F-16F7-4668-BE54-9A1E7A4F7556}") = "enexp", "..\enexp\enexp.csproj", "{99A6750B-BD16-4736-BB01-628A2E5B0E53}"
EndProject
Project("{9A19103F-16F7-4668-BE54-9A1E7A4F7556}") = "pmsg", "..\pmsg\pmsg.csproj", "{CE7B969F-B10C-4752-B329-8321516054F1}"
EndProject
Global
	GlobalSection(SolutionConfigurationPlatforms) = preSolution
		Debug|Any CPU = Debug|Any CPU
		Debug|ARM = Debug|ARM
		Debug|iPhone = Debug|iPhone
		Debug|iPhoneSimulator = Debug|iPhoneSimulator
		Debug|x64 = Debug|x64
		Debug|x86 = Debug|x86
		Release|Any CPU = Release|Any CPU
		Release|ARM = Release|ARM
		Release|iPhone = Release|iPhone
		Release|iPhoneSimulator = Release|iPhoneSimulator
		Release|x64 = Release|x64
		Release|x86 = Release|x86
	EndGlobalSection
	GlobalSection(ProjectConfigurationPlatforms) = postSolution
		{EDC1590B-F241-470F-88E9-6301B33F1D25}.Debug|Any CPU.ActiveCfg = Debug|Any CPU
		{EDC1590B-F241-470F-88E9-6301B33F1D25}.Debug|Any CPU.Build.0 = Debug|Any CPU
		{EDC1590B-F241-470F-88E9-6301B33F1D25}.Debug|ARM.ActiveCfg = Debug|Any CPU
		{EDC1590B-F241-470F-88E9-6301B33F1D25}.Debug|ARM.Build.0 = Debug|Any CPU
		{EDC1590B-F241-470F-88E9-6301B33F1D25}.Debug|iPhone.ActiveCfg = Debug|Any CPU
		{EDC1590B-F241-470F-88E9-6301B33F1D25}.Debug|iPhone.Build.0 = Debug|Any CPU
		{EDC1590B-F241-470F-88E9-6301B33F1D25}.Debug|iPhoneSimulator.ActiveCfg = Debug|Any CPU
		{EDC1590B-F241-470F-88E9-6301B33F1D25}.Debug|iPhoneSimulator.Build.0 = Debug|Any CPU
		{EDC1590B-F241-470F-88E9-6301B33F1D25}.Debug|x64.ActiveCfg = Debug|Any CPU
		{EDC1590B-F241-470F-88E9-6301B33F1D25}.Debug|x64.Build.0 = Debug|Any CPU
		{EDC1590B-F241-470F-88E9-6301B33F1D25}.Debug|x86.ActiveCfg = Debug|Any CPU
		{EDC1590B-F241-470F-88E9-6301B33F1D25}.Debug|x86.Build.0 = Debug|Any CPU
		{EDC1590B-F241-470F-88E9-6301B33F1D25}.Release|Any CPU.ActiveCfg = Release|Any CPU
		{EDC1590B-F241-470F-88E9-6301B33F1D25}.Release|Any CPU.Build.0 = Release|Any CPU
		{EDC1590B-F241-470F-88E9-6301B33F1D25}.Release|ARM.ActiveCfg = Release|Any CPU
		{EDC1590B-F241-470F-88E9-6301B33F1D25}.Release|ARM.Build.0 = Release|Any CPU
		{EDC1590B-F241-470F-88E9-6301B33F1D25}.Release|iPhone.ActiveCfg = Release|Any CPU
		{EDC1590B-F241-470F-88E9-6301B33F1D25}.Release|iPhone.Build.0 = Release|Any CPU
		{EDC1590B-F241-470F-88E9-6301B33F1D25}.Release|iPhoneSimulator.ActiveCfg = Release|Any CPU
		{EDC1590B-F241-470F-88E9-6301B33F1D25}.Release|iPhoneSimulator.Build.0 = Release|Any CPU
		{EDC1590B-F241-470F-88E9-6301B33F1D25}.Release|x64.ActiveCfg = Release|Any CPU
		{EDC1590B-F241-470F-88E9-6301B33F1D25}.Release|x64.Build.0 = Release|Any CPU
		{EDC1590B-F241-470F-88E9-6301B33F1D25}.Release|x86.ActiveCfg = Release|Any CPU
		{EDC1590B-F241-470F-88E9-6301B33F1D25}.Release|x86.Build.0 = Release|Any CPU
		{6E6ABA79-1502-4B2A-955D-16F1E1BC811B}.Debug|Any CPU.ActiveCfg = Debug|Any CPU
		{6E6ABA79-1502-4B2A-955D-16F1E1BC811B}.Debug|Any CPU.Build.0 = Debug|Any CPU
		{6E6ABA79-1502-4B2A-955D-16F1E1BC811B}.Debug|ARM.ActiveCfg = Debug|Any CPU
		{6E6ABA79-1502-4B2A-955D-16F1E1BC811B}.Debug|ARM.Build.0 = Debug|Any CPU
		{6E6ABA79-1502-4B2A-955D-16F1E1BC811B}.Debug|iPhone.ActiveCfg = Debug|Any CPU
		{6E6ABA79-1502-4B2A-955D-16F1E1BC811B}.Debug|iPhone.Build.0 = Debug|Any CPU
		{6E6ABA79-1502-4B2A-955D-16F1E1BC811B}.Debug|iPhoneSimulator.ActiveCfg = Debug|Any CPU
		{6E6ABA79-1502-4B2A-955D-16F1E1BC811B}.Debug|iPhoneSimulator.Build.0 = Debug|Any CPU
		{6E6ABA79-1502-4B2A-955D-16F1E1BC811B}.Debug|x64.ActiveCfg = Debug|Any CPU
		{6E6ABA79-1502-4B2A-955D-16F1E1BC811B}.Debug|x64.Build.0 = Debug|Any CPU
		{6E6ABA79-1502-4B2A-955D-16F1E1BC811B}.Debug|x86.ActiveCfg = Debug|Any CPU
		{6E6ABA79-1502-4B2A-955D-16F1E1BC811B}.Debug|x86.Build.0 = Debug|Any CPU
		{6E6ABA79-1502-4B2A-955D-16F1E1BC811B}.Release|Any CPU.ActiveCfg = Release|Any CPU
		{6E6ABA79-1502-4B2A-955D-16F1E1BC811B}.Release|Any CPU.Build.0 = Release|Any CPU
		{6E6ABA79-1502-4B2A-955D-16F1E1BC811B}.Release|ARM.ActiveCfg = Release|Any CPU
		{6E6ABA79-1502-4B2A-955D-16F1E1BC811B}.Release|ARM.Build.0 = Release|Any CPU
		{6E6ABA79-1502-4B2A-955D-16F1E1BC811B}.Release|iPhone.ActiveCfg = Release|Any CPU
		{6E6ABA79-1502-4B2A-955D-16F1E1BC811B}.Release|iPhone.Build.0 = Release|Any CPU
		{6E6ABA79-1502-4B2A-955D-16F1E1BC811B}.Release|iPhoneSimulator.ActiveCfg = Release|Any CPU
		{6E6ABA79-1502-4B2A-955D-16F1E1BC811B}.Release|iPhoneSimulator.Build.0 = Release|Any CPU
		{6E6ABA79-1502-4B2A-955D-16F1E1BC811B}.Release|x64.ActiveCfg = Release|Any CPU
		{6E6ABA79-1502-4B2A-955D-16F1E1BC811B}.Release|x64.Build.0 = Release|Any CPU
		{6E6ABA79-1502-4B2A-955D-16F1E1BC811B}.Release|x86.ActiveCfg = Release|Any CPU
		{6E6ABA79-1502-4B2A-955D-16F1E1BC811B}.Release|x86.Build.0 = Release|Any CPU
		{2D4748AD-C651-4B90-BB6E-5E0D4AC5A2E6}.Debug|Any CPU.ActiveCfg = Debug|Any CPU
		{2D4748AD-C651-4B90-BB6E-5E0D4AC5A2E6}.Debug|Any CPU.Build.0 = Debug|Any CPU
		{2D4748AD-C651-4B90-BB6E-5E0D4AC5A2E6}.Debug|ARM.ActiveCfg = Debug|Any CPU
		{2D4748AD-C651-4B90-BB6E-5E0D4AC5A2E6}.Debug|ARM.Build.0 = Debug|Any CPU
		{2D4748AD-C651-4B90-BB6E-5E0D4AC5A2E6}.Debug|iPhone.ActiveCfg = Debug|Any CPU
		{2D4748AD-C651-4B90-BB6E-5E0D4AC5A2E6}.Debug|iPhone.Build.0 = Debug|Any CPU
		{2D4748AD-C651-4B90-BB6E-5E0D4AC5A2E6}.Debug|iPhoneSimulator.ActiveCfg = Debug|Any CPU
		{2D4748AD-C651-4B90-BB6E-5E0D4AC5A2E6}.Debug|iPhoneSimulator.Build.0 = Debug|Any CPU
		{2D4748AD-C651-4B90-BB6E-5E0D4AC5A2E6}.Debug|x64.ActiveCfg = Debug|Any CPU
		{2D4748AD-C651-4B90-BB6E-5E0D4AC5A2E6}.Debug|x64.Build.0 = Debug|Any CPU
		{2D4748AD-C651-4B90-BB6E-5E0D4AC5A2E6}.Debug|x86.ActiveCfg = Debug|Any CPU
		{2D4748AD-C651-4B90-BB6E-5E0D4AC5A2E6}.Debug|x86.Build.0 = Debug|Any CPU
		{2D4748AD-C651-4B90-BB6E-5E0D4AC5A2E6}.Release|Any CPU.ActiveCfg = Release|Any CPU
		{2D4748AD-C651-4B90-BB6E-5E0D4AC5A2E6}.Release|Any CPU.Build.0 = Release|Any CPU
		{2D4748AD-C651-4B90-BB6E-5E0D4AC5A2E6}.Release|ARM.ActiveCfg = Release|Any CPU
		{2D4748AD-C651-4B90-BB6E-5E0D4AC5A2E6}.Release|ARM.Build.0 = Release|Any CPU
		{2D4748AD-C651-4B90-BB6E-5E0D4AC5A2E6}.Release|iPhone.ActiveCfg = Release|Any CPU
		{2D4748AD-C651-4B90-BB6E-5E0D4AC5A2E6}.Release|iPhone.Build.0 = Release|Any CPU
		{2D4748AD-C651-4B90-BB6E-5E0D4AC5A2E6}.Release|iPhoneSimulator.ActiveCfg = Release|Any CPU
		{2D4748AD-C651-4B90-BB6E-5E0D4AC5A2E6}.Release|iPhoneSimulator.Build.0 = Release|Any CPU
		{2D4748AD-C651-4B90-BB6E-5E0D4AC5A2E6}.Release|x64.ActiveCfg = Release|Any CPU
		{2D4748AD-C651-4B90-BB6E-5E0D4AC5A2E6}.Release|x64.Build.0 = Release|Any CPU
		{2D4748AD-C651-4B90-BB6E-5E0D4AC5A2E6}.Release|x86.ActiveCfg = Release|Any CPU
		{2D4748AD-C651-4B90-BB6E-5E0D4AC5A2E6}.Release|x86.Build.0 = Release|Any CPU
		{D4F68C7F-E085-4B56-809A-03A019624C07}.Debug|Any CPU.ActiveCfg = Debug|Any CPU
		{D4F68C7F-E085-4B56-809A-03A019624C07}.Debug|Any CPU.Build.0 = Debug|Any CPU
		{D4F68C7F-E085-4B56-809A-03A019624C07}.Debug|ARM.ActiveCfg = Debug|Any CPU
		{D4F68C7F-E085-4B56-809A-03A019624C07}.Debug|ARM.Build.0 = Debug|Any CPU
		{D4F68C7F-E085-4B56-809A-03A019624C07}.Debug|iPhone.ActiveCfg = Debug|Any CPU
		{D4F68C7F-E085-4B56-809A-03A019624C07}.Debug|iPhone.Build.0 = Debug|Any CPU
		{D4F68C7F-E085-4B56-809A-03A019624C07}.Debug|iPhoneSimulator.ActiveCfg = Debug|Any CPU
		{D4F68C7F-E085-4B56-809A-03A019624C07}.Debug|iPhoneSimulator.Build.0 = Debug|Any CPU
		{D4F68C7F-E085-4B56-809A-03A019624C07}.Debug|x64.ActiveCfg = Debug|Any CPU
		{D4F68C7F-E085-4B56-809A-03A019624C07}.Debug|x64.Build.0 = Debug|Any CPU
		{D4F68C7F-E085-4B56-809A-03A019624C07}.Debug|x86.ActiveCfg = Debug|Any CPU
		{D4F68C7F-E085-4B56-809A-03A019624C07}.Debug|x86.Build.0 = Debug|Any CPU
		{D4F68C7F-E085-4B56-809A-03A019624C07}.Release|Any CPU.ActiveCfg = Release|Any CPU
		{D4F68C7F-E085-4B56-809A-03A019624C07}.Release|Any CPU.Build.0 = Release|Any CPU
		{D4F68C7F-E085-4B56-809A-03A019624C07}.Release|ARM.ActiveCfg = Release|Any CPU
		{D4F68C7F-E085-4B56-809A-03A019624C07}.Release|ARM.Build.0 = Release|Any CPU
		{D4F68C7F-E085-4B56-809A-03A019624C07}.Release|iPhone.ActiveCfg = Release|Any CPU
		{D4F68C7F-E085-4B56-809A-03A019624C07}.Release|iPhone.Build.0 = Release|Any CPU
		{D4F68C7F-E085-4B56-809A-03A019624C07}.Release|iPhoneSimulator.ActiveCfg = Release|Any CPU
		{D4F68C7F-E085-4B56-809A-03A019624C07}.Release|iPhoneSimulator.Build.0 = Release|Any CPU
		{D4F68C7F-E085-4B56-809A-03A019624C07}.Release|x64.ActiveCfg = Release|Any CPU
		{D4F68C7F-E085-4B56-809A-03A019624C07}.Release|x64.Build.0 = Release|Any CPU
		{D4F68C7F-E085-4B56-809A-03A019624C07}.Release|x86.ActiveCfg = Release|Any CPU
		{D4F68C7F-E085-4B56-809A-03A019624C07}.Release|x86.Build.0 = Release|Any CPU
		{6DA83EFD-5B78-4647-ADA6-0DD68B46A8ED}.Debug|Any CPU.ActiveCfg = Debug|Any CPU
		{6DA83EFD-5B78-4647-ADA6-0DD68B46A8ED}.Debug|Any CPU.Build.0 = Debug|Any CPU
		{6DA83EFD-5B78-4647-ADA6-0DD68B46A8ED}.Debug|ARM.ActiveCfg = Debug|Any CPU
		{6DA83EFD-5B78-4647-ADA6-0DD68B46A8ED}.Debug|ARM.Build.0 = Debug|Any CPU
		{6DA83EFD-5B78-4647-ADA6-0DD68B46A8ED}.Debug|iPhone.ActiveCfg = Debug|Any CPU
		{6DA83EFD-5B78-4647-ADA6-0DD68B46A8ED}.Debug|iPhone.Build.0 = Debug|Any CPU
		{6DA83EFD-5B78-4647-ADA6-0DD68B46A8ED}.Debug|iPhoneSimulator.ActiveCfg = Debug|Any CPU
		{6DA83EFD-5B78-4647-ADA6-0DD68B46A8ED}.Debug|iPhoneSimulator.Build.0 = Debug|Any CPU
		{6DA83EFD-5B78-4647-ADA6-0DD68B46A8ED}.Debug|x64.ActiveCfg = Debug|Any CPU
		{6DA83EFD-5B78-4647-ADA6-0DD68B46A8ED}.Debug|x64.Build.0 = Debug|Any CPU
		{6DA83EFD-5B78-4647-ADA6-0DD68B46A8ED}.Debug|x86.ActiveCfg = Debug|Any CPU
		{6DA83EFD-5B78-4647-ADA6-0DD68B46A8ED}.Debug|x86.Build.0 = Debug|Any CPU
		{6DA83EFD-5B78-4647-ADA6-0DD68B46A8ED}.Release|Any CPU.ActiveCfg = Release|Any CPU
		{6DA83EFD-5B78-4647-ADA6-0DD68B46A8ED}.Release|Any CPU.Build.0 = Release|Any CPU
		{6DA83EFD-5B78-4647-ADA6-0DD68B46A8ED}.Release|ARM.ActiveCfg = Release|Any CPU
		{6DA83EFD-5B78-4647-ADA6-0DD68B46A8ED}.Release|ARM.Build.0 = Release|Any CPU
		{6DA83EFD-5B78-4647-ADA6-0DD68B46A8ED}.Release|iPhone.ActiveCfg = Release|Any CPU
		{6DA83EFD-5B78-4647-ADA6-0DD68B46A8ED}.Release|iPhone.Build.0 = Release|Any CPU
		{6DA83EFD-5B78-4647-ADA6-0DD68B46A8ED}.Release|iPhoneSimulator.ActiveCfg = Release|Any CPU
		{6DA83EFD-5B78-4647-ADA6-0DD68B46A8ED}.Release|iPhoneSimulator.Build.0 = Release|Any CPU
		{6DA83EFD-5B78-4647-ADA6-0DD68B46A8ED}.Release|x64.ActiveCfg = Release|Any CPU
		{6DA83EFD-5B78-4647-ADA6-0DD68B46A8ED}.Release|x64.Build.0 = Release|Any CPU
		{6DA83EFD-5B78-4647-ADA6-0DD68B46A8ED}.Release|x86.ActiveCfg = Release|Any CPU
		{6DA83EFD-5B78-4647-ADA6-0DD68B46A8ED}.Release|x86.Build.0 = Release|Any CPU
		{4314D013-5C5F-40D6-AA2F-5CAC8184A759}.Debug|Any CPU.ActiveCfg = Debug|Any CPU
		{4314D013-5C5F-40D6-AA2F-5CAC8184A759}.Debug|Any CPU.Build.0 = Debug|Any CPU
		{4314D013-5C5F-40D6-AA2F-5CAC8184A759}.Debug|ARM.ActiveCfg = Debug|Any CPU
		{4314D013-5C5F-40D6-AA2F-5CAC8184A759}.Debug|ARM.Build.0 = Debug|Any CPU
		{4314D013-5C5F-40D6-AA2F-5CAC8184A759}.Debug|iPhone.ActiveCfg = Debug|Any CPU
		{4314D013-5C5F-40D6-AA2F-5CAC8184A759}.Debug|iPhone.Build.0 = Debug|Any CPU
		{4314D013-5C5F-40D6-AA2F-5CAC8184A759}.Debug|iPhoneSimulator.ActiveCfg = Debug|Any CPU
		{4314D013-5C5F-40D6-AA2F-5CAC8184A759}.Debug|iPhoneSimulator.Build.0 = Debug|Any CPU
		{4314D013-5C5F-40D6-AA2F-5CAC8184A759}.Debug|x64.ActiveCfg = Debug|Any CPU
		{4314D013-5C5F-40D6-AA2F-5CAC8184A759}.Debug|x64.Build.0 = Debug|Any CPU
		{4314D013-5C5F-40D6-AA2F-5CAC8184A759}.Debug|x86.ActiveCfg = Debug|Any CPU
		{4314D013-5C5F-40D6-AA2F-5CAC8184A759}.Debug|x86.Build.0 = Debug|Any CPU
		{4314D013-5C5F-40D6-AA2F-5CAC8184A759}.Release|Any CPU.ActiveCfg = Release|Any CPU
		{4314D013-5C5F-40D6-AA2F-5CAC8184A759}.Release|Any CPU.Build.0 = Release|Any CPU
		{4314D013-5C5F-40D6-AA2F-5CAC8184A759}.Release|ARM.ActiveCfg = Release|Any CPU
		{4314D013-5C5F-40D6-AA2F-5CAC8184A759}.Release|ARM.Build.0 = Release|Any CPU
		{4314D013-5C5F-40D6-AA2F-5CAC8184A759}.Release|iPhone.ActiveCfg = Release|Any CPU
		{4314D013-5C5F-40D6-AA2F-5CAC8184A759}.Release|iPhone.Build.0 = Release|Any CPU
		{4314D013-5C5F-40D6-AA2F-5CAC8184A759}.Release|iPhoneSimulator.ActiveCfg = Release|Any CPU
		{4314D013-5C5F-40D6-AA2F-5CAC8184A759}.Release|iPhoneSimulator.Build.0 = Release|Any CPU
		{4314D013-5C5F-40D6-AA2F-5CAC8184A759}.Release|x64.ActiveCfg = Release|Any CPU
		{4314D013-5C5F-40D6-AA2F-5CAC8184A759}.Release|x64.Build.0 = Release|Any CPU
		{4314D013-5C5F-40D6-AA2F-5CAC8184A759}.Release|x86.ActiveCfg = Release|Any CPU
		{4314D013-5C5F-40D6-AA2F-5CAC8184A759}.Release|x86.Build.0 = Release|Any CPU
		{039A9715-4408-466F-91CB-F3C5DC05EC26}.Debug|Any CPU.ActiveCfg = Debug|Any CPU
		{039A9715-4408-466F-91CB-F3C5DC05EC26}.Debug|Any CPU.Build.0 = Debug|Any CPU
		{039A9715-4408-466F-91CB-F3C5DC05EC26}.Debug|ARM.ActiveCfg = Debug|Any CPU
		{039A9715-4408-466F-91CB-F3C5DC05EC26}.Debug|ARM.Build.0 = Debug|Any CPU
		{039A9715-4408-466F-91CB-F3C5DC05EC26}.Debug|iPhone.ActiveCfg = Debug|Any CPU
		{039A9715-4408-466F-91CB-F3C5DC05EC26}.Debug|iPhone.Build.0 = Debug|Any CPU
		{039A9715-4408-466F-91CB-F3C5DC05EC26}.Debug|iPhoneSimulator.ActiveCfg = Debug|Any CPU
		{039A9715-4408-466F-91CB-F3C5DC05EC26}.Debug|iPhoneSimulator.Build.0 = Debug|Any CPU
		{039A9715-4408-466F-91CB-F3C5DC05EC26}.Debug|x64.ActiveCfg = Debug|Any CPU
		{039A9715-4408-466F-91CB-F3C5DC05EC26}.Debug|x64.Build.0 = Debug|Any CPU
		{039A9715-4408-466F-91CB-F3C5DC05EC26}.Debug|x86.ActiveCfg = Debug|Any CPU
		{039A9715-4408-466F-91CB-F3C5DC05EC26}.Debug|x86.Build.0 = Debug|Any CPU
		{039A9715-4408-466F-91CB-F3C5DC05EC26}.Release|Any CPU.ActiveCfg = Release|Any CPU
		{039A9715-4408-466F-91CB-F3C5DC05EC26}.Release|Any CPU.Build.0 = Release|Any CPU
		{039A9715-4408-466F-91CB-F3C5DC05EC26}.Release|ARM.ActiveCfg = Release|Any CPU
		{039A9715-4408-466F-91CB-F3C5DC05EC26}.Release|ARM.Build.0 = Release|Any CPU
		{039A9715-4408-466F-91CB-F3C5DC05EC26}.Release|iPhone.ActiveCfg = Release|Any CPU
		{039A9715-4408-466F-91CB-F3C5DC05EC26}.Release|iPhone.Build.0 = Release|Any CPU
		{039A9715-4408-466F-91CB-F3C5DC05EC26}.Release|iPhoneSimulator.ActiveCfg = Release|Any CPU
		{039A9715-4408-466F-91CB-F3C5DC05EC26}.Release|iPhoneSimulator.Build.0 = Release|Any CPU
		{039A9715-4408-466F-91CB-F3C5DC05EC26}.Release|x64.ActiveCfg = Release|Any CPU
		{039A9715-4408-466F-91CB-F3C5DC05EC26}.Release|x64.Build.0 = Release|Any CPU
		{039A9715-4408-466F-91CB-F3C5DC05EC26}.Release|x86.ActiveCfg = Release|Any CPU
		{039A9715-4408-466F-91CB-F3C5DC05EC26}.Release|x86.Build.0 = Release|Any CPU
		{286D1489-A9FA-4A77-9A30-4CE3273ECAA5}.Debug|Any CPU.ActiveCfg = Debug|Any CPU
		{286D1489-A9FA-4A77-9A30-4CE3273ECAA5}.Debug|Any CPU.Build.0 = Debug|Any CPU
		{286D1489-A9FA-4A77-9A30-4CE3273ECAA5}.Debug|ARM.ActiveCfg = Debug|Any CPU
		{286D1489-A9FA-4A77-9A30-4CE3273ECAA5}.Debug|ARM.Build.0 = Debug|Any CPU
		{286D1489-A9FA-4A77-9A30-4CE3273ECAA5}.Debug|iPhone.ActiveCfg = Debug|Any CPU
		{286D1489-A9FA-4A77-9A30-4CE3273ECAA5}.Debug|iPhone.Build.0 = Debug|Any CPU
		{286D1489-A9FA-4A77-9A30-4CE3273ECAA5}.Debug|iPhoneSimulator.ActiveCfg = Debug|Any CPU
		{286D1489-A9FA-4A77-9A30-4CE3273ECAA5}.Debug|iPhoneSimulator.Build.0 = Debug|Any CPU
		{286D1489-A9FA-4A77-9A30-4CE3273ECAA5}.Debug|x64.ActiveCfg = Debug|Any CPU
		{286D1489-A9FA-4A77-9A30-4CE3273ECAA5}.Debug|x64.Build.0 = Debug|Any CPU
		{286D1489-A9FA-4A77-9A30-4CE3273ECAA5}.Debug|x86.ActiveCfg = Debug|Any CPU
		{286D1489-A9FA-4A77-9A30-4CE3273ECAA5}.Debug|x86.Build.0 = Debug|Any CPU
		{286D1489-A9FA-4A77-9A30-4CE3273ECAA5}.Release|Any CPU.ActiveCfg = Release|Any CPU
		{286D1489-A9FA-4A77-9A30-4CE3273ECAA5}.Release|Any CPU.Build.0 = Release|Any CPU
		{286D1489-A9FA-4A77-9A30-4CE3273ECAA5}.Release|ARM.ActiveCfg = Release|Any CPU
		{286D1489-A9FA-4A77-9A30-4CE3273ECAA5}.Release|ARM.Build.0 = Release|Any CPU
		{286D1489-A9FA-4A77-9A30-4CE3273ECAA5}.Release|iPhone.ActiveCfg = Release|Any CPU
		{286D1489-A9FA-4A77-9A30-4CE3273ECAA5}.Release|iPhone.Build.0 = Release|Any CPU
		{286D1489-A9FA-4A77-9A30-4CE3273ECAA5}.Release|iPhoneSimulator.ActiveCfg = Release|Any CPU
		{286D1489-A9FA-4A77-9A30-4CE3273ECAA5}.Release|iPhoneSimulator.Build.0 = Release|Any CPU
		{286D1489-A9FA-4A77-9A30-4CE3273ECAA5}.Release|x64.ActiveCfg = Release|Any CPU
		{286D1489-A9FA-4A77-9A30-4CE3273ECAA5}.Release|x64.Build.0 = Release|Any CPU
		{286D1489-A9FA-4A77-9A30-4CE3273ECAA5}.Release|x86.ActiveCfg = Release|Any CPU
		{286D1489-A9FA-4A77-9A30-4CE3273ECAA5}.Release|x86.Build.0 = Release|Any CPU
		{99A6750B-BD16-4736-BB01-628A2E5B0E53}.Debug|Any CPU.ActiveCfg = Debug|Any CPU
		{99A6750B-BD16-4736-BB01-628A2E5B0E53}.Debug|Any CPU.Build.0 = Debug|Any CPU
		{99A6750B-BD16-4736-BB01-628A2E5B0E53}.Debug|ARM.ActiveCfg = Debug|Any CPU
		{99A6750B-BD16-4736-BB01-628A2E5B0E53}.Debug|ARM.Build.0 = Debug|Any CPU
		{99A6750B-BD16-4736-BB01-628A2E5B0E53}.Debug|iPhone.ActiveCfg = Debug|Any CPU
		{99A6750B-BD16-4736-BB01-628A2E5B0E53}.Debug|iPhone.Build.0 = Debug|Any CPU
		{99A6750B-BD16-4736-BB01-628A2E5B0E53}.Debug|iPhoneSimulator.ActiveCfg = Debug|Any CPU
		{99A6750B-BD16-4736-BB01-628A2E5B0E53}.Debug|iPhoneSimulator.Build.0 = Debug|Any CPU
		{99A6750B-BD16-4736-BB01-628A2E5B0E53}.Debug|x64.ActiveCfg = Debug|Any CPU
		{99A6750B-BD16-4736-BB01-628A2E5B0E53}.Debug|x64.Build.0 = Debug|Any CPU
		{99A6750B-BD16-4736-BB01-628A2E5B0E53}.Debug|x86.ActiveCfg = Debug|Any CPU
		{99A6750B-BD16-4736-BB01-628A2E5B0E53}.Debug|x86.Build.0 = Debug|Any CPU
		{99A6750B-BD16-4736-BB01-628A2E5B0E53}.Release|Any CPU.ActiveCfg = Release|Any CPU
		{99A6750B-BD16-4736-BB01-628A2E5B0E53}.Release|Any CPU.Build.0 = Release|Any CPU
		{99A6750B-BD16-4736-BB01-628A2E5B0E53}.Release|ARM.ActiveCfg = Release|Any CPU
		{99A6750B-BD16-4736-BB01-628A2E5B0E53}.Release|ARM.Build.0 = Release|Any CPU
		{99A6750B-BD16-4736-BB01-628A2E5B0E53}.Release|iPhone.ActiveCfg = Release|Any CPU
		{99A6750B-BD16-4736-BB01-628A2E5B0E53}.Release|iPhone.Build.0 = Release|Any CPU
		{99A6750B-BD16-4736-BB01-628A2E5B0E53}.Release|iPhoneSimulator.ActiveCfg = Release|Any CPU
		{99A6750B-BD16-4736-BB01-628A2E5B0E53}.Release|iPhoneSimulator.Build.0 = Release|Any CPU
		{99A6750B-BD16-4736-BB01-628A2E5B0E53}.Release|x64.ActiveCfg = Release|Any CPU
		{99A6750B-BD16-4736-BB01-628A2E5B0E53}.Release|x64.Build.0 = Release|Any CPU
		{99A6750B-BD16-4736-BB01-628A2E5B0E53}.Release|x86.ActiveCfg = Release|Any CPU
		{99A6750B-BD16-4736-BB01-628A2E5B0E53}.Release|x86.Build.0 = Release|Any CPU
		{CE7B969F-B10C-4752-B329-8321516054F1}.Debug|Any CPU.ActiveCfg = Debug|Any CPU
		{CE7B969F-B10C-4752-B329-8321516054F1}.Debug|Any CPU.Build.0 = Debug|Any CPU
		{CE7B969F-B10C-4752-B329-8321516054F1}.Debug|ARM.ActiveCfg = Debug|Any CPU
		{CE7B969F-B10C-4752-B329-8321516054F1}.Debug|ARM.Build.0 = Debug|Any CPU
		{CE7B969F-B10C-4752-B329-8321516054F1}.Debug|iPhone.ActiveCfg = Debug|Any CPU
		{CE7B969F-B10C-4752-B329-8321516054F1}.Debug|iPhone.Build.0 = Debug|Any CPU
		{CE7B969F-B10C-4752-B329-8321516054F1}.Debug|iPhoneSimulator.ActiveCfg = Debug|Any CPU
		{CE7B969F-B10C-4752-B329-8321516054F1}.Debug|iPhoneSimulator.Build.0 = Debug|Any CPU
		{CE7B969F-B10C-4752-B329-8321516054F1}.Debug|x64.ActiveCfg = Debug|Any CPU
		{CE7B969F-B10C-4752-B329-8321516054F1}.Debug|x64.Build.0 = Debug|Any CPU
		{CE7B969F-B10C-4752-B329-8321516054F1}.Debug|x86.ActiveCfg = Debug|Any CPU
		{CE7B969F-B10C-4752-B329-8321516054F1}.Debug|x86.Build.0 = Debug|Any CPU
		{CE7B969F-B10C-4752-B329-8321516054F1}.Release|Any CPU.ActiveCfg = Release|Any CPU
		{CE7B969F-B10C-4752-B329-8321516054F1}.Release|Any CPU.Build.0 = Release|Any CPU
		{CE7B969F-B10C-4752-B329-8321516054F1}.Release|ARM.ActiveCfg = Release|Any CPU
		{CE7B969F-B10C-4752-B329-8321516054F1}.Release|ARM.Build.0 = Release|Any CPU
		{CE7B969F-B10C-4752-B329-8321516054F1}.Release|iPhone.ActiveCfg = Release|Any CPU
		{CE7B969F-B10C-4752-B329-8321516054F1}.Release|iPhone.Build.0 = Release|Any CPU
		{CE7B969F-B10C-4752-B329-8321516054F1}.Release|iPhoneSimulator.ActiveCfg = Release|Any CPU
		{CE7B969F-B10C-4752-B329-8321516054F1}.Release|iPhoneSimulator.Build.0 = Release|Any CPU
		{CE7B969F-B10C-4752-B329-8321516054F1}.Release|x64.ActiveCfg = Release|Any CPU
		{CE7B969F-B10C-4752-B329-8321516054F1}.Release|x64.Build.0 = Release|Any CPU
		{CE7B969F-B10C-4752-B329-8321516054F1}.Release|x86.ActiveCfg = Release|Any CPU
		{CE7B969F-B10C-4752-B329-8321516054F1}.Release|x86.Build.0 = Release|Any CPU
	EndGlobalSection
	GlobalSection(SolutionProperties) = preSolution
		HideSolutionNode = FALSE
	EndGlobalSection
	GlobalSection(NestedProjects) = preSolution
		{039A9715-4408-466F-91CB-F3C5DC05EC26} = {109FC974-1F25-412A-82C3-4305824B6FCB}
		{286D1489-A9FA-4A77-9A30-4CE3273ECAA5} = {C84B4E20-ACB5-4F64-A3D2-94FBF301F6B6}
		{99A6750B-BD16-4736-BB01-628A2E5B0E53} = {C84B4E20-ACB5-4F64-A3D2-94FBF301F6B6}
		{CE7B969F-B10C-4752-B329-8321516054F1} = {C84B4E20-ACB5-4F64-A3D2-94FBF301F6B6}
	EndGlobalSection
	GlobalSection(ExtensibilityGlobals) = postSolution
		SolutionGuid = {83C8BE7E-6EDD-4B6A-AA2E-B4A2EF71A8E1}
	EndGlobalSection
EndGlobal
