
Microsoft Visual Studio Solution File, Format Version 12.00
# Visual Studio 15
VisualStudioVersion = 15.0.27004.2002
MinimumVisualStudioVersion = 10.0.40219.1
Project("{9A19103F-16F7-4668-BE54-9A1E7A4F7556}") = "carsexp", "carsexp\carsexp.csproj", "{EDC1590B-F241-470F-88E9-6301B33F1D25}"
EndProject
Project("{9A19103F-16F7-4668-BE54-9A1E7A4F7556}") = "encm", "encarmanagement\encm.csproj", "{6E6ABA79-1502-4B2A-955D-16F1E1BC811B}"
EndProject
Project("{9A19103F-16F7-4668-BE54-9A1E7A4F7556}") = "carshare", "carshare\carshare.csproj", "{2D4748AD-C651-4B90-BB6E-5E0D4AC5A2E6}"
EndProject
Project("{9A19103F-16F7-4668-BE54-9A1E7A4F7556}") = "carimp", "carimp\carimp.csproj", "{D4F68C7F-E085-4B56-809A-03A019624C07}"
EndProject
Project("{FAE04EC0-301F-11D3-BF4B-00C04F79EFBC}") = "six2015", "E:\study\six2015\six2015\six2015.csproj", "{EF17061F-1AD5-4A13-8CEC-358DE7CA1240}"
EndProject
Project("{9A19103F-16F7-4668-BE54-9A1E7A4F7556}") = "perfectmsg", "perfectmsg\perfectmsg.csproj", "{6DA83EFD-5B78-4647-ADA6-0DD68B46A8ED}"
EndProject
Project("{9A19103F-16F7-4668-BE54-9A1E7A4F7556}") = "abmsg", "..\abmsg\abmsg.csproj", "{4314D013-5C5F-40D6-AA2F-5CAC8184A759}"
EndProject
Global
	GlobalSection(SolutionConfigurationPlatforms) = preSolution
		Debug|Any CPU = Debug|Any CPU
		Release|Any CPU = Release|Any CPU
	EndGlobalSection
	GlobalSection(ProjectConfigurationPlatforms) = postSolution
		{EDC1590B-F241-470F-88E9-6301B33F1D25}.Debug|Any CPU.ActiveCfg = Debug|Any CPU
		{EDC1590B-F241-470F-88E9-6301B33F1D25}.Debug|Any CPU.Build.0 = Debug|Any CPU
		{EDC1590B-F241-470F-88E9-6301B33F1D25}.Release|Any CPU.ActiveCfg = Release|Any CPU
		{EDC1590B-F241-470F-88E9-6301B33F1D25}.Release|Any CPU.Build.0 = Release|Any CPU
		{6E6ABA79-1502-4B2A-955D-16F1E1BC811B}.Debug|Any CPU.ActiveCfg = Debug|Any CPU
		{6E6ABA79-1502-4B2A-955D-16F1E1BC811B}.Debug|Any CPU.Build.0 = Debug|Any CPU
		{6E6ABA79-1502-4B2A-955D-16F1E1BC811B}.Release|Any CPU.ActiveCfg = Release|Any CPU
		{6E6ABA79-1502-4B2A-955D-16F1E1BC811B}.Release|Any CPU.Build.0 = Release|Any CPU
		{2D4748AD-C651-4B90-BB6E-5E0D4AC5A2E6}.Debug|Any CPU.ActiveCfg = Debug|Any CPU
		{2D4748AD-C651-4B90-BB6E-5E0D4AC5A2E6}.Debug|Any CPU.Build.0 = Debug|Any CPU
		{2D4748AD-C651-4B90-BB6E-5E0D4AC5A2E6}.Release|Any CPU.ActiveCfg = Release|Any CPU
		{2D4748AD-C651-4B90-BB6E-5E0D4AC5A2E6}.Release|Any CPU.Build.0 = Release|Any CPU
		{D4F68C7F-E085-4B56-809A-03A019624C07}.Debug|Any CPU.ActiveCfg = Debug|Any CPU
		{D4F68C7F-E085-4B56-809A-03A019624C07}.Debug|Any CPU.Build.0 = Debug|Any CPU
		{D4F68C7F-E085-4B56-809A-03A019624C07}.Release|Any CPU.ActiveCfg = Release|Any CPU
		{D4F68C7F-E085-4B56-809A-03A019624C07}.Release|Any CPU.Build.0 = Release|Any CPU
		{EF17061F-1AD5-4A13-8CEC-358DE7CA1240}.Debug|Any CPU.ActiveCfg = Debug|Any CPU
		{EF17061F-1AD5-4A13-8CEC-358DE7CA1240}.Debug|Any CPU.Build.0 = Debug|Any CPU
		{EF17061F-1AD5-4A13-8CEC-358DE7CA1240}.Release|Any CPU.ActiveCfg = Release|Any CPU
		{EF17061F-1AD5-4A13-8CEC-358DE7CA1240}.Release|Any CPU.Build.0 = Release|Any CPU
		{6DA83EFD-5B78-4647-ADA6-0DD68B46A8ED}.Debug|Any CPU.ActiveCfg = Debug|Any CPU
		{6DA83EFD-5B78-4647-ADA6-0DD68B46A8ED}.Debug|Any CPU.Build.0 = Debug|Any CPU
		{6DA83EFD-5B78-4647-ADA6-0DD68B46A8ED}.Release|Any CPU.ActiveCfg = Release|Any CPU
		{6DA83EFD-5B78-4647-ADA6-0DD68B46A8ED}.Release|Any CPU.Build.0 = Release|Any CPU
		{4314D013-5C5F-40D6-AA2F-5CAC8184A759}.Debug|Any CPU.ActiveCfg = Debug|Any CPU
		{4314D013-5C5F-40D6-AA2F-5CAC8184A759}.Debug|Any CPU.Build.0 = Debug|Any CPU
		{4314D013-5C5F-40D6-AA2F-5CAC8184A759}.Release|Any CPU.ActiveCfg = Release|Any CPU
		{4314D013-5C5F-40D6-AA2F-5CAC8184A759}.Release|Any CPU.Build.0 = Release|Any CPU
	EndGlobalSection
	GlobalSection(SolutionProperties) = preSolution
		HideSolutionNode = FALSE
	EndGlobalSection
	GlobalSection(ExtensibilityGlobals) = postSolution
		SolutionGuid = {83C8BE7E-6EDD-4B6A-AA2E-B4A2EF71A8E1}
	EndGlobalSection
EndGlobal
